
Microsoft Visual Studio Solution File, Format Version 12.00
# Visual Studio Version 17
VisualStudioVersion = 17.10.35122.118
MinimumVisualStudioVersion = 10.0.40219.1
Project("{FAE04EC0-301F-11D3-BF4B-00C04F79EFBC}") = "TaksManagement_System", "TaksManagement_System.csproj", "{1C9CC900-0899-41A2-937F-01F756BA47F1}"
EndProject
Global
	GlobalSection(SolutionConfigurationPlatforms) = preSolution
		Debug|Any CPU = Debug|Any CPU
		Release|Any CPU = Release|Any CPU
	EndGlobalSection
	GlobalSection(ProjectConfigurationPlatforms) = postSolution
		{1C9CC900-0899-41A2-937F-01F756BA47F1}.Debug|Any CPU.ActiveCfg = Debug|Any CPU
		{1C9CC900-0899-41A2-937F-01F756BA47F1}.Debug|Any CPU.Build.0 = Debug|Any CPU
		{1C9CC900-0899-41A2-937F-01F756BA47F1}.Release|Any CPU.ActiveCfg = Release|Any CPU
		{1C9CC900-0899-41A2-937F-01F756BA47F1}.Release|Any CPU.Build.0 = Release|Any CPU
	EndGlobalSection
	GlobalSection(SolutionProperties) = preSolution
		HideSolutionNode = FALSE
	EndGlobalSection
	GlobalSection(ExtensibilityGlobals) = postSolution
		SolutionGuid = {A67CC9BB-D0AB-4152-8384-E5066F989264}
	EndGlobalSection
EndGlobal
